
Microsoft Visual Studio Solution File, Format Version 12.00
# Visual Studio Version 17
VisualStudioVersion = 17.9.34728.123
MinimumVisualStudioVersion = 10.0.40219.1
Project("{FAE04EC0-301F-11D3-BF4B-00C04F79EFBC}") = "StringProblems", "StringProblems\StringProblems.csproj", "{48B91760-0108-4536-964B-D42580948961}"
EndProject
Global
	GlobalSection(SolutionConfigurationPlatforms) = preSolution
		Debug|Any CPU = Debug|Any CPU
		Release|Any CPU = Release|Any CPU
	EndGlobalSection
	GlobalSection(ProjectConfigurationPlatforms) = postSolution
		{48B91760-0108-4536-964B-D42580948961}.Debug|Any CPU.ActiveCfg = Debug|Any CPU
		{48B91760-0108-4536-964B-D42580948961}.Debug|Any CPU.Build.0 = Debug|Any CPU
		{48B91760-0108-4536-964B-D42580948961}.Release|Any CPU.ActiveCfg = Release|Any CPU
		{48B91760-0108-4536-964B-D42580948961}.Release|Any CPU.Build.0 = Release|Any CPU
	EndGlobalSection
	GlobalSection(SolutionProperties) = preSolution
		HideSolutionNode = FALSE
	EndGlobalSection
	GlobalSection(ExtensibilityGlobals) = postSolution
		SolutionGuid = {050AF188-C8DE-4AA0-BE73-D56AED83F4A0}
	EndGlobalSection
EndGlobal
